
Microsoft Visual Studio Solution File, Format Version 12.00
# Visual Studio Version 17
VisualStudioVersion = 17.3.32901.215
MinimumVisualStudioVersion = 10.0.40219.1
Project("{9A19103F-16F7-4668-BE54-9A1E7A4F7556}") = "TraineeTrackerApp", "TraineeTrackerApp\TraineeTrackerApp.csproj", "{3CEAB5FD-D158-4CC1-A77E-9B3568841766}"
EndProject
Project("{9A19103F-16F7-4668-BE54-9A1E7A4F7556}") = "TrackerTests", "TrackerTests\TrackerTests.csproj", "{473FA99C-DBBA-4389-9245-51BB6F5FAC19}"
EndProject
Global
	GlobalSection(SolutionConfigurationPlatforms) = preSolution
		Debug|Any CPU = Debug|Any CPU
		Release|Any CPU = Release|Any CPU
	EndGlobalSection
	GlobalSection(ProjectConfigurationPlatforms) = postSolution
		{3CEAB5FD-D158-4CC1-A77E-9B3568841766}.Debug|Any CPU.ActiveCfg = Debug|Any CPU
		{3CEAB5FD-D158-4CC1-A77E-9B3568841766}.Debug|Any CPU.Build.0 = Debug|Any CPU
		{3CEAB5FD-D158-4CC1-A77E-9B3568841766}.Release|Any CPU.ActiveCfg = Release|Any CPU
		{3CEAB5FD-D158-4CC1-A77E-9B3568841766}.Release|Any CPU.Build.0 = Release|Any CPU
		{473FA99C-DBBA-4389-9245-51BB6F5FAC19}.Debug|Any CPU.ActiveCfg = Debug|Any CPU
		{473FA99C-DBBA-4389-9245-51BB6F5FAC19}.Debug|Any CPU.Build.0 = Debug|Any CPU
		{473FA99C-DBBA-4389-9245-51BB6F5FAC19}.Release|Any CPU.ActiveCfg = Release|Any CPU
		{473FA99C-DBBA-4389-9245-51BB6F5FAC19}.Release|Any CPU.Build.0 = Release|Any CPU
	EndGlobalSection
	GlobalSection(SolutionProperties) = preSolution
		HideSolutionNode = FALSE
	EndGlobalSection
	GlobalSection(ExtensibilityGlobals) = postSolution
		SolutionGuid = {5AEFCFEE-B3C4-46DB-A94D-80DA853B58A4}
	EndGlobalSection
EndGlobal
